{
  "object": {
    "pins": [
      {
        "package": "xctest-dynamic-overlay",
        "repositoryURL": "https://github.com/pointfreeco/xctest-dynamic-overlay",
        "state": {
          "branch": null,
          "revision": "4af50b38daf0037cfbab15514a241224c3f62f98",
          "version": "0.8.5"
        }
      }
    ]
  },
  "version": 1
}
