{
  "originHash" : "c75d56e4c8f1ec37edf23a57664f6d0505f4d7e5105bc102b9f78db57f218185",
  "pins" : [
    {
      "identity" : "swift-concurrency-extras",
      "kind" : "remoteSourceControl",
      "location" : "https://github.com/pointfreeco/swift-concurrency-extras",
      "state" : {
        "revision" : "bb5059bde9022d69ac516803f4f227d8ac967f71",
        "version" : "1.1.0"
      }
    },
    {
      "identity" : "xctest-dynamic-overlay",
      "kind" : "remoteSourceControl",
      "location" : "https://github.com/pointfreeco/xctest-dynamic-overlay",
      "state" : {
        "revision" : "357ca1e5dd31f613a1d43320870ebc219386a495",
        "version" : "1.2.2"
      }
    }
  ],
  "version" : 3
}
