{
  "object": {
    "pins": [
      {
        "package": "swift-concurrency-extras",
        "repositoryURL": "https://github.com/pointfreeco/swift-concurrency-extras",
        "state": {
          "branch": null,
          "revision": "ea631ce892687f5432a833312292b80db238186a",
          "version": "1.0.0"
        }
      },
      {
        "package": "OpenCombine",
        "repositoryURL": "https://github.com/OpenCombine/OpenCombine.git",
        "state": {
          "branch": null,
          "revision": "8576f0d579b27020beccbccc3ea6844f3ddfc2c2",
          "version": "0.14.0"
        }
      },
      {
        "package": "xctest-dynamic-overlay",
        "repositoryURL": "https://github.com/pointfreeco/xctest-dynamic-overlay",
        "state": {
          "branch": null,
          "revision": "302891700c7fa3b92ebde9fe7b42933f8349f3c7",
          "version": "1.0.0"
        }
      }
    ]
  },
  "version": 1
}